Microsoft Visual Studio Solution File, Format Version 9.00
# Visual C# Express 2005
Project("{FAE04EC0-301F-11D3-BF4B-00C04F79EFBC}") = "Seasar.Dao", "Seasar.Dao\Seasar.Dao.csproj", "{474715CA-5C99-4C50-ADFA-FB628824DFF0}"
EndProject
Project("{FAE04EC0-301F-11D3-BF4B-00C04F79EFBC}") = "Seasar.Dao.Examples", "Seasar.Dao.Examples\Seasar.Dao.Examples.csproj", "{D10462BB-F8BB-49E3-94C7-BEC5E94C2263}"
EndProject
Project("{FAE04EC0-301F-11D3-BF4B-00C04F79EFBC}") = "Seasar.Dao.Tests", "Seasar.Dao.Tests\Seasar.Dao.Tests.csproj", "{BEED9F86-B197-4994-A3D3-344AD4E7DB71}"
EndProject
Global
	GlobalSection(SolutionConfigurationPlatforms) = preSolution
		Debug|Any CPU = Debug|Any CPU
		Release|Any CPU = Release|Any CPU
	EndGlobalSection
	GlobalSection(ProjectConfigurationPlatforms) = postSolution
		{474715CA-5C99-4C50-ADFA-FB628824DFF0}.Debug|Any CPU.ActiveCfg = Debug|Any CPU
		{474715CA-5C99-4C50-ADFA-FB628824DFF0}.Debug|Any CPU.Build.0 = Debug|Any CPU
		{474715CA-5C99-4C50-ADFA-FB628824DFF0}.Release|Any CPU.ActiveCfg = Release|Any CPU
		{474715CA-5C99-4C50-ADFA-FB628824DFF0}.Release|Any CPU.Build.0 = Release|Any CPU
		{D10462BB-F8BB-49E3-94C7-BEC5E94C2263}.Debug|Any CPU.ActiveCfg = Debug|Any CPU
		{D10462BB-F8BB-49E3-94C7-BEC5E94C2263}.Debug|Any CPU.Build.0 = Debug|Any CPU
		{D10462BB-F8BB-49E3-94C7-BEC5E94C2263}.Release|Any CPU.ActiveCfg = Release|Any CPU
		{D10462BB-F8BB-49E3-94C7-BEC5E94C2263}.Release|Any CPU.Build.0 = Release|Any CPU
		{BEED9F86-B197-4994-A3D3-344AD4E7DB71}.Debug|Any CPU.ActiveCfg = Debug|Any CPU
		{BEED9F86-B197-4994-A3D3-344AD4E7DB71}.Debug|Any CPU.Build.0 = Debug|Any CPU
		{BEED9F86-B197-4994-A3D3-344AD4E7DB71}.Release|Any CPU.ActiveCfg = Release|Any CPU
		{BEED9F86-B197-4994-A3D3-344AD4E7DB71}.Release|Any CPU.Build.0 = Release|Any CPU
	EndGlobalSection
	GlobalSection(SolutionProperties) = preSolution
		HideSolutionNode = FALSE
	EndGlobalSection
	GlobalSection(ExtensibilityGlobals) = postSolution
		XCSharpProjectsDisabled = 
		XCSharpSolutionEnabled = False
	EndGlobalSection
EndGlobal
