Microsoft Visual Studio Solution File, Format Version 8.00
Project("{FAE04EC0-301F-11D3-BF4B-00C04F79EFBC}") = "Seasar.Dao", "Seasar.Dao\Seasar.Dao.csproj", "{474715CA-5C99-4C50-ADFA-FB628824DFF0}"
	ProjectSection(ProjectDependencies) = postProject
	EndProjectSection
EndProject
Project("{FAE04EC0-301F-11D3-BF4B-00C04F79EFBC}") = "Seasar.Dao.Examples", "Seasar.Dao.Examples\Seasar.Dao.Examples.csproj", "{D10462BB-F8BB-49E3-94C7-BEC5E94C2263}"
	ProjectSection(ProjectDependencies) = postProject
	EndProjectSection
EndProject
Project("{FAE04EC0-301F-11D3-BF4B-00C04F79EFBC}") = "Seasar.Dao.Tests", "Seasar.Dao.Tests\Seasar.Dao.Tests.csproj", "{BEED9F86-B197-4994-A3D3-344AD4E7DB71}"
	ProjectSection(ProjectDependencies) = postProject
	EndProjectSection
EndProject
Global
	GlobalSection(SolutionConfiguration) = preSolution
		Debug = Debug
		Release = Release
	EndGlobalSection
	GlobalSection(ProjectConfiguration) = postSolution
		{474715CA-5C99-4C50-ADFA-FB628824DFF0}.Debug.ActiveCfg = Debug|.NET
		{474715CA-5C99-4C50-ADFA-FB628824DFF0}.Debug.Build.0 = Debug|.NET
		{474715CA-5C99-4C50-ADFA-FB628824DFF0}.Release.ActiveCfg = Release|.NET
		{474715CA-5C99-4C50-ADFA-FB628824DFF0}.Release.Build.0 = Release|.NET
		{D10462BB-F8BB-49E3-94C7-BEC5E94C2263}.Debug.ActiveCfg = Debug|.NET
		{D10462BB-F8BB-49E3-94C7-BEC5E94C2263}.Debug.Build.0 = Debug|.NET
		{D10462BB-F8BB-49E3-94C7-BEC5E94C2263}.Release.ActiveCfg = Release|.NET
		{D10462BB-F8BB-49E3-94C7-BEC5E94C2263}.Release.Build.0 = Release|.NET
		{BEED9F86-B197-4994-A3D3-344AD4E7DB71}.Debug.ActiveCfg = Debug|.NET
		{BEED9F86-B197-4994-A3D3-344AD4E7DB71}.Debug.Build.0 = Debug|.NET
		{BEED9F86-B197-4994-A3D3-344AD4E7DB71}.Release.ActiveCfg = Release|.NET
		{BEED9F86-B197-4994-A3D3-344AD4E7DB71}.Release.Build.0 = Release|.NET
	EndGlobalSection
	GlobalSection(ExtensibilityGlobals) = postSolution
	EndGlobalSection
	GlobalSection(ExtensibilityAddIns) = postSolution
	EndGlobalSection
EndGlobal
